
Microsoft Visual Studio Solution File, Format Version 12.00
# Visual Studio Version 17
VisualStudioVersion = 17.13.36105.23 d17.13
MinimumVisualStudioVersion = 10.0.40219.1
Project("{FAE04EC0-301F-11D3-BF4B-00C04F79EFBC}") = "Código de Barras y QR", "Código de Barras y QR\Código de Barras y QR.csproj", "{4C7B2B45-8940-4F30-BB62-5B05F1BD030A}"
EndProject
Global
	GlobalSection(SolutionConfigurationPlatforms) = preSolution
		Debug|Any CPU = Debug|Any CPU
		Release|Any CPU = Release|Any CPU
	EndGlobalSection
	GlobalSection(ProjectConfigurationPlatforms) = postSolution
		{4C7B2B45-8940-4F30-BB62-5B05F1BD030A}.Debug|Any CPU.ActiveCfg = Debug|Any CPU
		{4C7B2B45-8940-4F30-BB62-5B05F1BD030A}.Debug|Any CPU.Build.0 = Debug|Any CPU
		{4C7B2B45-8940-4F30-BB62-5B05F1BD030A}.Release|Any CPU.ActiveCfg = Release|Any CPU
		{4C7B2B45-8940-4F30-BB62-5B05F1BD030A}.Release|Any CPU.Build.0 = Release|Any CPU
	EndGlobalSection
	GlobalSection(SolutionProperties) = preSolution
		HideSolutionNode = FALSE
	EndGlobalSection
	GlobalSection(ExtensibilityGlobals) = postSolution
		SolutionGuid = {231F9C19-1635-4483-AB10-F6CF26D6884F}
	EndGlobalSection
EndGlobal
